// !$*UTF8*$!
{
	archiveVersion = 1;
	classes = {
	};
	objectVersion = 46;
	objects = {

/* Begin PBXBuildFile section */
		4D0447D31E8783780015C889 /* i18nSwift.framework in Frameworks */ = {isa = PBXBuildFile; fileRef = 4D0447C91E8783780015C889 /* i18nSwift.framework */; };
		4D0447DA1E8783780015C889 /* i18nSwift.h in Headers */ = {isa = PBXBuildFile; fileRef = 4D0447CC1E8783780015C889 /* i18nSwift.h */; settings = {ATTRIBUTES = (Public, ); }; };
		4D4ED6461E8BF79300EDCEBD /* LocalizedStringTests.swift in Sources */ = {isa = PBXBuildFile; fileRef = 4D4ED6451E8BF79300EDCEBD /* LocalizedStringTests.swift */; };
		4D4ED6481E8BFFB400EDCEBD /* LanguageDataSourceTests.swift in Sources */ = {isa = PBXBuildFile; fileRef = 4D4ED6471E8BFFB400EDCEBD /* LanguageDataSourceTests.swift */; };
		4D4ED64A1E8C004D00EDCEBD /* MockLanguageDataStore.swift in Sources */ = {isa = PBXBuildFile; fileRef = 4D4ED6491E8C004D00EDCEBD /* MockLanguageDataStore.swift */; };
		4D4ED6541E8C044D00EDCEBD /* Localizable.strings in Resources */ = {isa = PBXBuildFile; fileRef = 4D4ED6561E8C044D00EDCEBD /* Localizable.strings */; };
		4D4ED6591E8C056F00EDCEBD /* dummy.storyboard in Resources */ = {isa = PBXBuildFile; fileRef = 4D4ED65B1E8C056F00EDCEBD /* dummy.storyboard */; };
		4D4ED6631E8C065500EDCEBD /* LanguageTests.swift in Sources */ = {isa = PBXBuildFile; fileRef = 4D4ED6621E8C065500EDCEBD /* LanguageTests.swift */; };
		4D9EDFA21E8F414F00698171 /* CurrencyNumberTests.swift in Sources */ = {isa = PBXBuildFile; fileRef = 4D9EDFA11E8F414F00698171 /* CurrencyNumberTests.swift */; };
		4D9EDFA41E8F42E300698171 /* NumberFormatterTests.swift in Sources */ = {isa = PBXBuildFile; fileRef = 4D9EDFA31E8F42E300698171 /* NumberFormatterTests.swift */; };
		4D9EDFA61E8F4C1F00698171 /* I18nTests.swift in Sources */ = {isa = PBXBuildFile; fileRef = 4D9EDFA51E8F4C1F00698171 /* I18nTests.swift */; };
		4D9EDFAA1E8F57F900698171 /* Test.strings in Resources */ = {isa = PBXBuildFile; fileRef = 4D9EDFAC1E8F57F900698171 /* Test.strings */; };
		4D9EDFC11E8F79AA00698171 /* LanguageObserver.swift in Sources */ = {isa = PBXBuildFile; fileRef = 4D9EDFC01E8F79AA00698171 /* LanguageObserver.swift */; };
		4DD18D631E8AB1ED00F89D58 /* CurrencyNumber.swift in Sources */ = {isa = PBXBuildFile; fileRef = 4DD18D5C1E8AB1ED00F89D58 /* CurrencyNumber.swift */; };
		4DD18D641E8AB1ED00F89D58 /* FractionDigits.swift in Sources */ = {isa = PBXBuildFile; fileRef = 4DD18D5D1E8AB1ED00F89D58 /* FractionDigits.swift */; };
		4DD18D651E8AB1ED00F89D58 /* i18n.swift in Sources */ = {isa = PBXBuildFile; fileRef = 4DD18D5E1E8AB1ED00F89D58 /* i18n.swift */; };
		4DD18D661E8AB1ED00F89D58 /* Language.swift in Sources */ = {isa = PBXBuildFile; fileRef = 4DD18D5F1E8AB1ED00F89D58 /* Language.swift */; };
		4DD18D671E8AB1ED00F89D58 /* LanguageDataStore.swift in Sources */ = {isa = PBXBuildFile; fileRef = 4DD18D601E8AB1ED00F89D58 /* LanguageDataStore.swift */; };
		4DD18D681E8AB1ED00F89D58 /* LocalizedString.swift in Sources */ = {isa = PBXBuildFile; fileRef = 4DD18D611E8AB1ED00F89D58 /* LocalizedString.swift */; };
		4DD18D691E8AB1ED00F89D58 /* NumberFormatter+Ex.swift in Sources */ = {isa = PBXBuildFile; fileRef = 4DD18D621E8AB1ED00F89D58 /* NumberFormatter+Ex.swift */; };
/* End PBXBuildFile section */

/* Begin PBXContainerItemProxy section */
		4D0447D41E8783780015C889 /* PBXContainerItemProxy */ = {
			isa = PBXContainerItemProxy;
			containerPortal = 4D0447C01E8783780015C889 /* Project object */;
			proxyType = 1;
			remoteGlobalIDString = 4D0447C81E8783780015C889;
			remoteInfo = i18nSwift;
		};
/* End PBXContainerItemProxy section */

/* Begin PBXFileReference section */
		4D0447C91E8783780015C889 /* i18nSwift.framework */ = {isa = PBXFileReference; explicitFileType = wrapper.framework; includeInIndex = 0; path = i18nSwift.framework; sourceTree = BUILT_PRODUCTS_DIR; };
		4D0447CC1E8783780015C889 /* i18nSwift.h */ = {isa = PBXFileReference; lastKnownFileType = sourcecode.c.h; path = i18nSwift.h; sourceTree = "<group>"; };
		4D0447CD1E8783780015C889 /* Info.plist */ = {isa = PBXFileReference; lastKnownFileType = text.plist.xml; path = Info.plist; sourceTree = "<group>"; };
		4D0447D21E8783780015C889 /* i18nSwiftTests.xctest */ = {isa = PBXFileReference; explicitFileType = wrapper.cfbundle; includeInIndex = 0; path = i18nSwiftTests.xctest; sourceTree = BUILT_PRODUCTS_DIR; };
		4D0447D91E8783780015C889 /* Info.plist */ = {isa = PBXFileReference; lastKnownFileType = text.plist.xml; path = Info.plist; sourceTree = "<group>"; };
		4D4ED6451E8BF79300EDCEBD /* LocalizedStringTests.swift */ = {isa = PBXFileReference; fileEncoding = 4; lastKnownFileType = sourcecode.swift; path = LocalizedStringTests.swift; sourceTree = "<group>"; };
		4D4ED6471E8BFFB400EDCEBD /* LanguageDataSourceTests.swift */ = {isa = PBXFileReference; fileEncoding = 4; lastKnownFileType = sourcecode.swift; path = LanguageDataSourceTests.swift; sourceTree = "<group>"; };
		4D4ED6491E8C004D00EDCEBD /* MockLanguageDataStore.swift */ = {isa = PBXFileReference; fileEncoding = 4; lastKnownFileType = sourcecode.swift; path = MockLanguageDataStore.swift; sourceTree = "<group>"; };
		4D4ED6551E8C044D00EDCEBD /* en */ = {isa = PBXFileReference; lastKnownFileType = text.plist.strings; name = en; path = en.lproj/Localizable.strings; sourceTree = "<group>"; };
		4D4ED65C1E8C057700EDCEBD /* Base */ = {isa = PBXFileReference; lastKnownFileType = file.storyboard; name = Base; path = Base.lproj/dummy.storyboard; sourceTree = "<group>"; };
		4D4ED65D1E8C058700EDCEBD /* ja */ = {isa = PBXFileReference; lastKnownFileType = text.plist.strings; name = ja; path = ja.lproj/dummy.strings; sourceTree = "<group>"; };
		4D4ED65E1E8C058700EDCEBD /* ja */ = {isa = PBXFileReference; lastKnownFileType = text.plist.strings; name = ja; path = ja.lproj/Localizable.strings; sourceTree = "<group>"; };
		4D4ED65F1E8C058F00EDCEBD /* fr */ = {isa = PBXFileReference; lastKnownFileType = text.plist.strings; name = fr; path = fr.lproj/dummy.strings; sourceTree = "<group>"; };
		4D4ED6601E8C058F00EDCEBD /* fr */ = {isa = PBXFileReference; lastKnownFileType = text.plist.strings; name = fr; path = fr.lproj/Localizable.strings; sourceTree = "<group>"; };
		4D4ED6611E8C059900EDCEBD /* Base */ = {isa = PBXFileReference; lastKnownFileType = text.plist.strings; name = Base; path = Base.lproj/Localizable.strings; sourceTree = "<group>"; };
		4D4ED6621E8C065500EDCEBD /* LanguageTests.swift */ = {isa = PBXFileReference; fileEncoding = 4; lastKnownFileType = sourcecode.swift; path = LanguageTests.swift; sourceTree = "<group>"; };
		4D9EDFA11E8F414F00698171 /* CurrencyNumberTests.swift */ = {isa = PBXFileReference; fileEncoding = 4; lastKnownFileType = sourcecode.swift; path = CurrencyNumberTests.swift; sourceTree = "<group>"; };
		4D9EDFA31E8F42E300698171 /* NumberFormatterTests.swift */ = {isa = PBXFileReference; fileEncoding = 4; lastKnownFileType = sourcecode.swift; path = NumberFormatterTests.swift; sourceTree = "<group>"; };
		4D9EDFA51E8F4C1F00698171 /* I18nTests.swift */ = {isa = PBXFileReference; fileEncoding = 4; lastKnownFileType = sourcecode.swift; path = I18nTests.swift; sourceTree = "<group>"; };
		4D9EDFAB1E8F57F900698171 /* Base */ = {isa = PBXFileReference; lastKnownFileType = text.plist.strings; name = Base; path = Base.lproj/Test.strings; sourceTree = "<group>"; };
		4D9EDFAD1E8F57FB00698171 /* en */ = {isa = PBXFileReference; lastKnownFileType = text.plist.strings; name = en; path = en.lproj/Test.strings; sourceTree = "<group>"; };
		4D9EDFAE1E8F57FB00698171 /* ja */ = {isa = PBXFileReference; lastKnownFileType = text.plist.strings; name = ja; path = ja.lproj/Test.strings; sourceTree = "<group>"; };
		4D9EDFAF1E8F57FC00698171 /* fr */ = {isa = PBXFileReference; lastKnownFileType = text.plist.strings; name = fr; path = fr.lproj/Test.strings; sourceTree = "<group>"; };
		4D9EDFC01E8F79AA00698171 /* LanguageObserver.swift */ = {isa = PBXFileReference; fileEncoding = 4; lastKnownFileType = sourcecode.swift; path = LanguageObserver.swift; sourceTree = "<group>"; };
		4DD18D5C1E8AB1ED00F89D58 /* CurrencyNumber.swift */ = {isa = PBXFileReference; fileEncoding = 4; lastKnownFileType = sourcecode.swift; path = CurrencyNumber.swift; sourceTree = "<group>"; };
		4DD18D5D1E8AB1ED00F89D58 /* FractionDigits.swift */ = {isa = PBXFileReference; fileEncoding = 4; lastKnownFileType = sourcecode.swift; path = FractionDigits.swift; sourceTree = "<group>"; };
		4DD18D5E1E8AB1ED00F89D58 /* i18n.swift */ = {isa = PBXFileReference; fileEncoding = 4; lastKnownFileType = sourcecode.swift; path = i18n.swift; sourceTree = "<group>"; };
		4DD18D5F1E8AB1ED00F89D58 /* Language.swift */ = {isa = PBXFileReference; fileEncoding = 4; lastKnownFileType = sourcecode.swift; path = Language.swift; sourceTree = "<group>"; };
		4DD18D601E8AB1ED00F89D58 /* LanguageDataStore.swift */ = {isa = PBXFileReference; fileEncoding = 4; lastKnownFileType = sourcecode.swift; path = LanguageDataStore.swift; sourceTree = "<group>"; };
		4DD18D611E8AB1ED00F89D58 /* LocalizedString.swift */ = {isa = PBXFileReference; fileEncoding = 4; lastKnownFileType = sourcecode.swift; path = LocalizedString.swift; sourceTree = "<group>"; };
		4DD18D621E8AB1ED00F89D58 /* NumberFormatter+Ex.swift */ = {isa = PBXFileReference; fileEncoding = 4; lastKnownFileType = sourcecode.swift; path = "NumberFormatter+Ex.swift"; sourceTree = "<group>"; };
/* End PBXFileReference section */

/* Begin PBXFrameworksBuildPhase section */
		4D0447C51E8783780015C889 /* Frameworks */ = {
			isa = PBXFrameworksBuildPhase;
			buildActionMask = 2147483647;
			files = (
			);
			runOnlyForDeploymentPostprocessing = 0;
		};
		4D0447CF1E8783780015C889 /* Frameworks */ = {
			isa = PBXFrameworksBuildPhase;
			buildActionMask = 2147483647;
			files = (
				4D0447D31E8783780015C889 /* i18nSwift.framework in Frameworks */,
			);
			runOnlyForDeploymentPostprocessing = 0;
		};
/* End PBXFrameworksBuildPhase section */

/* Begin PBXGroup section */
		4D0447BF1E8783780015C889 = {
			isa = PBXGroup;
			children = (
				4DD18D5B1E8AB1ED00F89D58 /* Sources */,
				4D0447CB1E8783780015C889 /* i18nSwift */,
				4D0447D61E8783780015C889 /* i18nSwiftTests */,
				4D0447CA1E8783780015C889 /* Products */,
			);
			sourceTree = "<group>";
		};
		4D0447CA1E8783780015C889 /* Products */ = {
			isa = PBXGroup;
			children = (
				4D0447C91E8783780015C889 /* i18nSwift.framework */,
				4D0447D21E8783780015C889 /* i18nSwiftTests.xctest */,
			);
			name = Products;
			sourceTree = "<group>";
		};
		4D0447CB1E8783780015C889 /* i18nSwift */ = {
			isa = PBXGroup;
			children = (
				4D0447CC1E8783780015C889 /* i18nSwift.h */,
				4D0447CD1E8783780015C889 /* Info.plist */,
			);
			path = i18nSwift;
			sourceTree = "<group>";
		};
		4D0447D61E8783780015C889 /* i18nSwiftTests */ = {
			isa = PBXGroup;
			children = (
				4D0447D91E8783780015C889 /* Info.plist */,
				4D4ED6451E8BF79300EDCEBD /* LocalizedStringTests.swift */,
				4D4ED6471E8BFFB400EDCEBD /* LanguageDataSourceTests.swift */,
				4D4ED6491E8C004D00EDCEBD /* MockLanguageDataStore.swift */,
				4D9EDFAC1E8F57F900698171 /* Test.strings */,
				4D4ED6561E8C044D00EDCEBD /* Localizable.strings */,
				4D4ED65B1E8C056F00EDCEBD /* dummy.storyboard */,
				4D4ED6621E8C065500EDCEBD /* LanguageTests.swift */,
				4D9EDFA11E8F414F00698171 /* CurrencyNumberTests.swift */,
				4D9EDFA31E8F42E300698171 /* NumberFormatterTests.swift */,
				4D9EDFA51E8F4C1F00698171 /* I18nTests.swift */,
			);
			path = i18nSwiftTests;
			sourceTree = "<group>";
		};
		4DD18D5B1E8AB1ED00F89D58 /* Sources */ = {
			isa = PBXGroup;
			children = (
				4DD18D5C1E8AB1ED00F89D58 /* CurrencyNumber.swift */,
				4DD18D5D1E8AB1ED00F89D58 /* FractionDigits.swift */,
				4DD18D5E1E8AB1ED00F89D58 /* i18n.swift */,
				4DD18D5F1E8AB1ED00F89D58 /* Language.swift */,
				4DD18D601E8AB1ED00F89D58 /* LanguageDataStore.swift */,
				4DD18D611E8AB1ED00F89D58 /* LocalizedString.swift */,
				4DD18D621E8AB1ED00F89D58 /* NumberFormatter+Ex.swift */,
				4D9EDFC01E8F79AA00698171 /* LanguageObserver.swift */,
			);
			path = Sources;
			sourceTree = "<group>";
		};
/* End PBXGroup section */

/* Begin PBXHeadersBuildPhase section */
		4D0447C61E8783780015C889 /* Headers */ = {
			isa = PBXHeadersBuildPhase;
			buildActionMask = 2147483647;
			files = (
				4D0447DA1E8783780015C889 /* i18nSwift.h in Headers */,
			);
			runOnlyForDeploymentPostprocessing = 0;
		};
/* End PBXHeadersBuildPhase section */

/* Begin PBXNativeTarget section */
		4D0447C81E8783780015C889 /* i18nSwift */ = {
			isa = PBXNativeTarget;
			buildConfigurationList = 4D0447DD1E8783780015C889 /* Build configuration list for PBXNativeTarget "i18nSwift" */;
			buildPhases = (
				4D0447C41E8783780015C889 /* Sources */,
				4D0447C51E8783780015C889 /* Frameworks */,
				4D0447C61E8783780015C889 /* Headers */,
				4D0447C71E8783780015C889 /* Resources */,
			);
			buildRules = (
			);
			dependencies = (
			);
			name = i18nSwift;
			productName = i18nSwift;
			productReference = 4D0447C91E8783780015C889 /* i18nSwift.framework */;
			productType = "com.apple.product-type.framework";
		};
		4D0447D11E8783780015C889 /* i18nSwiftTests */ = {
			isa = PBXNativeTarget;
			buildConfigurationList = 4D0447E01E8783780015C889 /* Build configuration list for PBXNativeTarget "i18nSwiftTests" */;
			buildPhases = (
				4D0447CE1E8783780015C889 /* Sources */,
				4D0447CF1E8783780015C889 /* Frameworks */,
				4D0447D01E8783780015C889 /* Resources */,
			);
			buildRules = (
			);
			dependencies = (
				4D0447D51E8783780015C889 /* PBXTargetDependency */,
			);
			name = i18nSwiftTests;
			productName = i18nSwiftTests;
			productReference = 4D0447D21E8783780015C889 /* i18nSwiftTests.xctest */;
			productType = "com.apple.product-type.bundle.unit-test";
		};
/* End PBXNativeTarget section */

/* Begin PBXProject section */
		4D0447C01E8783780015C889 /* Project object */ = {
			isa = PBXProject;
			attributes = {
				LastSwiftUpdateCheck = 0820;
				LastUpgradeCheck = 0820;
				ORGANIZATIONNAME = "Suguru Kishimoto";
				TargetAttributes = {
					4D0447C81E8783780015C889 = {
						CreatedOnToolsVersion = 8.2.1;
						LastSwiftMigration = 0820;
						ProvisioningStyle = Automatic;
					};
					4D0447D11E8783780015C889 = {
						CreatedOnToolsVersion = 8.2.1;
						ProvisioningStyle = Automatic;
					};
				};
			};
			buildConfigurationList = 4D0447C31E8783780015C889 /* Build configuration list for PBXProject "i18nSwift" */;
			compatibilityVersion = "Xcode 3.2";
			developmentRegion = English;
			hasScannedForEncodings = 0;
			knownRegions = (
				en,
				Base,
				ja,
				fr,
			);
			mainGroup = 4D0447BF1E8783780015C889;
			productRefGroup = 4D0447CA1E8783780015C889 /* Products */;
			projectDirPath = "";
			projectRoot = "";
			targets = (
				4D0447C81E8783780015C889 /* i18nSwift */,
				4D0447D11E8783780015C889 /* i18nSwiftTests */,
			);
		};
/* End PBXProject section */

/* Begin PBXResourcesBuildPhase section */
		4D0447C71E8783780015C889 /* Resources */ = {
			isa = PBXResourcesBuildPhase;
			buildActionMask = 2147483647;
			files = (
			);
			runOnlyForDeploymentPostprocessing = 0;
		};
		4D0447D01E8783780015C889 /* Resources */ = {
			isa = PBXResourcesBuildPhase;
			buildActionMask = 2147483647;
			files = (
				4D9EDFAA1E8F57F900698171 /* Test.strings in Resources */,
				4D4ED6541E8C044D00EDCEBD /* Localizable.strings in Resources */,
				4D4ED6591E8C056F00EDCEBD /* dummy.storyboard in Resources */,
			);
			runOnlyForDeploymentPostprocessing = 0;
		};
/* End PBXResourcesBuildPhase section */

/* Begin PBXSourcesBuildPhase section */
		4D0447C41E8783780015C889 /* Sources */ = {
			isa = PBXSourcesBuildPhase;
			buildActionMask = 2147483647;
			files = (
				4DD18D631E8AB1ED00F89D58 /* CurrencyNumber.swift in Sources */,
				4DD18D661E8AB1ED00F89D58 /* Language.swift in Sources */,
				4DD18D681E8AB1ED00F89D58 /* LocalizedString.swift in Sources */,
				4DD18D641E8AB1ED00F89D58 /* FractionDigits.swift in Sources */,
				4DD18D691E8AB1ED00F89D58 /* NumberFormatter+Ex.swift in Sources */,
				4D9EDFC11E8F79AA00698171 /* LanguageObserver.swift in Sources */,
				4DD18D651E8AB1ED00F89D58 /* i18n.swift in Sources */,
				4DD18D671E8AB1ED00F89D58 /* LanguageDataStore.swift in Sources */,
			);
			runOnlyForDeploymentPostprocessing = 0;
		};
		4D0447CE1E8783780015C889 /* Sources */ = {
			isa = PBXSourcesBuildPhase;
			buildActionMask = 2147483647;
			files = (
				4D4ED64A1E8C004D00EDCEBD /* MockLanguageDataStore.swift in Sources */,
				4D9EDFA41E8F42E300698171 /* NumberFormatterTests.swift in Sources */,
				4D4ED6631E8C065500EDCEBD /* LanguageTests.swift in Sources */,
				4D4ED6481E8BFFB400EDCEBD /* LanguageDataSourceTests.swift in Sources */,
				4D9EDFA61E8F4C1F00698171 /* I18nTests.swift in Sources */,
				4D4ED6461E8BF79300EDCEBD /* LocalizedStringTests.swift in Sources */,
				4D9EDFA21E8F414F00698171 /* CurrencyNumberTests.swift in Sources */,
			);
			runOnlyForDeploymentPostprocessing = 0;
		};
/* End PBXSourcesBuildPhase section */

/* Begin PBXTargetDependency section */
		4D0447D51E8783780015C889 /* PBXTargetDependency */ = {
			isa = PBXTargetDependency;
			target = 4D0447C81E8783780015C889 /* i18nSwift */;
			targetProxy = 4D0447D41E8783780015C889 /* PBXContainerItemProxy */;
		};
/* End PBXTargetDependency section */

/* Begin PBXVariantGroup section */
		4D4ED6561E8C044D00EDCEBD /* Localizable.strings */ = {
			isa = PBXVariantGroup;
			children = (
				4D4ED6551E8C044D00EDCEBD /* en */,
				4D4ED65E1E8C058700EDCEBD /* ja */,
				4D4ED6601E8C058F00EDCEBD /* fr */,
				4D4ED6611E8C059900EDCEBD /* Base */,
			);
			name = Localizable.strings;
			sourceTree = "<group>";
		};
		4D4ED65B1E8C056F00EDCEBD /* dummy.storyboard */ = {
			isa = PBXVariantGroup;
			children = (
				4D4ED65C1E8C057700EDCEBD /* Base */,
				4D4ED65D1E8C058700EDCEBD /* ja */,
				4D4ED65F1E8C058F00EDCEBD /* fr */,
			);
			name = dummy.storyboard;
			sourceTree = "<group>";
		};
		4D9EDFAC1E8F57F900698171 /* Test.strings */ = {
			isa = PBXVariantGroup;
			children = (
				4D9EDFAB1E8F57F900698171 /* Base */,
				4D9EDFAD1E8F57FB00698171 /* en */,
				4D9EDFAE1E8F57FB00698171 /* ja */,
				4D9EDFAF1E8F57FC00698171 /* fr */,
			);
			name = Test.strings;
			sourceTree = "<group>";
		};
/* End PBXVariantGroup section */

/* Begin XCBuildConfiguration section */
		4D0447DB1E8783780015C889 /* Debug */ = {
			isa = XCBuildConfiguration;
			buildSettings = {
				ALWAYS_SEARCH_USER_PATHS = NO;
				CLANG_ANALYZER_LOCALIZABILITY_NONLOCALIZED = YES;
				CLANG_ANALYZER_NONNULL = YES;
				CLANG_CXX_LANGUAGE_STANDARD = "gnu++0x";
				CLANG_CXX_LIBRARY = "libc++";
				CLANG_ENABLE_MODULES = YES;
				CLANG_ENABLE_OBJC_ARC = YES;
				CLANG_WARN_BOOL_CONVERSION = YES;
				CLANG_WARN_CONSTANT_CONVERSION = YES;
				CLANG_WARN_DIRECT_OBJC_ISA_USAGE = YES_ERROR;
				CLANG_WARN_DOCUMENTATION_COMMENTS = YES;
				CLANG_WARN_EMPTY_BODY = YES;
				CLANG_WARN_ENUM_CONVERSION = YES;
				CLANG_WARN_INFINITE_RECURSION = YES;
				CLANG_WARN_INT_CONVERSION = YES;
				CLANG_WARN_OBJC_ROOT_CLASS = YES_ERROR;
				CLANG_WARN_SUSPICIOUS_MOVE = YES;
				CLANG_WARN_UNREACHABLE_CODE = YES;
				CLANG_WARN__DUPLICATE_METHOD_MATCH = YES;
				"CODE_SIGN_IDENTITY[sdk=iphoneos*]" = "iPhone Developer";
				COPY_PHASE_STRIP = NO;
				CURRENT_PROJECT_VERSION = 1;
				DEBUG_INFORMATION_FORMAT = dwarf;
				ENABLE_STRICT_OBJC_MSGSEND = YES;
				ENABLE_TESTABILITY = YES;
				GCC_C_LANGUAGE_STANDARD = gnu99;
				GCC_DYNAMIC_NO_PIC = NO;
				GCC_NO_COMMON_BLOCKS = YES;
				GCC_OPTIMIZATION_LEVEL = 0;
				GCC_PREPROCESSOR_DEFINITIONS = (
					"DEBUG=1",
					"$(inherited)",
				);
				GCC_WARN_64_TO_32_BIT_CONVERSION = YES;
				GCC_WARN_ABOUT_RETURN_TYPE = YES_ERROR;
				GCC_WARN_UNDECLARED_SELECTOR = YES;
				GCC_WARN_UNINITIALIZED_AUTOS = YES_AGGRESSIVE;
				GCC_WARN_UNUSED_FUNCTION = YES;
				GCC_WARN_UNUSED_VARIABLE = YES;
				IPHONEOS_DEPLOYMENT_TARGET = 9.0;
				MTL_ENABLE_DEBUG_INFO = YES;
				ONLY_ACTIVE_ARCH = YES;
				SDKROOT = iphoneos;
				SWIFT_ACTIVE_COMPILATION_CONDITIONS = DEBUG;
				SWIFT_OPTIMIZATION_LEVEL = "-Onone";
				TARGETED_DEVICE_FAMILY = "1,2";
				VERSIONING_SYSTEM = "apple-generic";
				VERSION_INFO_PREFIX = "";
			};
			name = Debug;
		};
		4D0447DC1E8783780015C889 /* Release */ = {
			isa = XCBuildConfiguration;
			buildSettings = {
				ALWAYS_SEARCH_USER_PATHS = NO;
				CLANG_ANALYZER_LOCALIZABILITY_NONLOCALIZED = YES;
				CLANG_ANALYZER_NONNULL = YES;
				CLANG_CXX_LANGUAGE_STANDARD = "gnu++0x";
				CLANG_CXX_LIBRARY = "libc++";
				CLANG_ENABLE_MODULES = YES;
				CLANG_ENABLE_OBJC_ARC = YES;
				CLANG_WARN_BOOL_CONVERSION = YES;
				CLANG_WARN_CONSTANT_CONVERSION = YES;
				CLANG_WARN_DIRECT_OBJC_ISA_USAGE = YES_ERROR;
				CLANG_WARN_DOCUMENTATION_COMMENTS = YES;
				CLANG_WARN_EMPTY_BODY = YES;
				CLANG_WARN_ENUM_CONVERSION = YES;
				CLANG_WARN_INFINITE_RECURSION = YES;
				CLANG_WARN_INT_CONVERSION = YES;
				CLANG_WARN_OBJC_ROOT_CLASS = YES_ERROR;
				CLANG_WARN_SUSPICIOUS_MOVE = YES;
				CLANG_WARN_UNREACHABLE_CODE = YES;
				CLANG_WARN__DUPLICATE_METHOD_MATCH = YES;
				"CODE_SIGN_IDENTITY[sdk=iphoneos*]" = "iPhone Developer";
				COPY_PHASE_STRIP = NO;
				CURRENT_PROJECT_VERSION = 1;
				DEBUG_INFORMATION_FORMAT = "dwarf-with-dsym";
				ENABLE_NS_ASSERTIONS = NO;
				ENABLE_STRICT_OBJC_MSGSEND = YES;
				GCC_C_LANGUAGE_STANDARD = gnu99;
				GCC_NO_COMMON_BLOCKS = YES;
				GCC_WARN_64_TO_32_BIT_CONVERSION = YES;
				GCC_WARN_ABOUT_RETURN_TYPE = YES_ERROR;
				GCC_WARN_UNDECLARED_SELECTOR = YES;
				GCC_WARN_UNINITIALIZED_AUTOS = YES_AGGRESSIVE;
				GCC_WARN_UNUSED_FUNCTION = YES;
				GCC_WARN_UNUSED_VARIABLE = YES;
				IPHONEOS_DEPLOYMENT_TARGET = 9.0;
				MTL_ENABLE_DEBUG_INFO = NO;
				SDKROOT = iphoneos;
				SWIFT_OPTIMIZATION_LEVEL = "-Owholemodule";
				TARGETED_DEVICE_FAMILY = "1,2";
				VALIDATE_PRODUCT = YES;
				VERSIONING_SYSTEM = "apple-generic";
				VERSION_INFO_PREFIX = "";
			};
			name = Release;
		};
		4D0447DE1E8783780015C889 /* Debug */ = {
			isa = XCBuildConfiguration;
			buildSettings = {
				CLANG_ENABLE_MODULES = YES;
				CODE_SIGN_IDENTITY = "";
				DEFINES_MODULE = YES;
				DYLIB_COMPATIBILITY_VERSION = 1;
				DYLIB_CURRENT_VERSION = 1;
				DYLIB_INSTALL_NAME_BASE = "@rpath";
				INFOPLIST_FILE = i18nSwift/Info.plist;
				INSTALL_PATH = "$(LOCAL_LIBRARY_DIR)/Frameworks";
				LD_RUNPATH_SEARCH_PATHS = "$(inherited) @executable_path/Frameworks @loader_path/Frameworks";
				PRODUCT_BUNDLE_IDENTIFIER = "-.i18nSwift";
				PRODUCT_NAME = "$(TARGET_NAME)";
				SKIP_INSTALL = YES;
				SWIFT_OPTIMIZATION_LEVEL = "-Onone";
				SWIFT_VERSION = 3.0;
			};
			name = Debug;
		};
		4D0447DF1E8783780015C889 /* Release */ = {
			isa = XCBuildConfiguration;
			buildSettings = {
				CLANG_ENABLE_MODULES = YES;
				CODE_SIGN_IDENTITY = "";
				DEFINES_MODULE = YES;
				DYLIB_COMPATIBILITY_VERSION = 1;
				DYLIB_CURRENT_VERSION = 1;
				DYLIB_INSTALL_NAME_BASE = "@rpath";
				INFOPLIST_FILE = i18nSwift/Info.plist;
				INSTALL_PATH = "$(LOCAL_LIBRARY_DIR)/Frameworks";
				LD_RUNPATH_SEARCH_PATHS = "$(inherited) @executable_path/Frameworks @loader_path/Frameworks";
				PRODUCT_BUNDLE_IDENTIFIER = "-.i18nSwift";
				PRODUCT_NAME = "$(TARGET_NAME)";
				SKIP_INSTALL = YES;
				SWIFT_VERSION = 3.0;
			};
			name = Release;
		};
		4D0447E11E8783780015C889 /* Debug */ = {
			isa = XCBuildConfiguration;
			buildSettings = {
				ALWAYS_EMBED_SWIFT_STANDARD_LIBRARIES = YES;
				INFOPLIST_FILE = i18nSwiftTests/Info.plist;
				LD_RUNPATH_SEARCH_PATHS = "$(inherited) @executable_path/Frameworks @loader_path/Frameworks";
				PRODUCT_BUNDLE_IDENTIFIER = "-.i18nSwiftTests";
				PRODUCT_NAME = "$(TARGET_NAME)";
				SWIFT_VERSION = 3.0;
			};
			name = Debug;
		};
		4D0447E21E8783780015C889 /* Release */ = {
			isa = XCBuildConfiguration;
			buildSettings = {
				ALWAYS_EMBED_SWIFT_STANDARD_LIBRARIES = YES;
				INFOPLIST_FILE = i18nSwiftTests/Info.plist;
				LD_RUNPATH_SEARCH_PATHS = "$(inherited) @executable_path/Frameworks @loader_path/Frameworks";
				PRODUCT_BUNDLE_IDENTIFIER = "-.i18nSwiftTests";
				PRODUCT_NAME = "$(TARGET_NAME)";
				SWIFT_VERSION = 3.0;
			};
			name = Release;
		};
/* End XCBuildConfiguration section */

/* Begin XCConfigurationList section */
		4D0447C31E8783780015C889 /* Build configuration list for PBXProject "i18nSwift" */ = {
			isa = XCConfigurationList;
			buildConfigurations = (
				4D0447DB1E8783780015C889 /* Debug */,
				4D0447DC1E8783780015C889 /* Release */,
			);
			defaultConfigurationIsVisible = 0;
			defaultConfigurationName = Release;
		};
		4D0447DD1E8783780015C889 /* Build configuration list for PBXNativeTarget "i18nSwift" */ = {
			isa = XCConfigurationList;
			buildConfigurations = (
				4D0447DE1E8783780015C889 /* Debug */,
				4D0447DF1E8783780015C889 /* Release */,
			);
			defaultConfigurationIsVisible = 0;
			defaultConfigurationName = Release;
		};
		4D0447E01E8783780015C889 /* Build configuration list for PBXNativeTarget "i18nSwiftTests" */ = {
			isa = XCConfigurationList;
			buildConfigurations = (
				4D0447E11E8783780015C889 /* Debug */,
				4D0447E21E8783780015C889 /* Release */,
			);
			defaultConfigurationIsVisible = 0;
			defaultConfigurationName = Release;
		};
/* End XCConfigurationList section */
	};
	rootObject = 4D0447C01E8783780015C889 /* Project object */;
}
